// !$*UTF8*$!
{
	archiveVersion = 1;
	classes = {
	};
	objectVersion = 55;
	objects = {

/* Begin PBXBuildFile section */
		133B01D4283567E3006EB159 /* AppDelegate.swift in Sources */ = {isa = PBXBuildFile; fileRef = 133B01D3283567E3006EB159 /* AppDelegate.swift */; };
		133B01D6283567E3006EB159 /* SceneDelegate.swift in Sources */ = {isa = PBXBuildFile; fileRef = 133B01D5283567E3006EB159 /* SceneDelegate.swift */; };
		133B01D8283567E3006EB159 /* ViewController.swift in Sources */ = {isa = PBXBuildFile; fileRef = 133B01D7283567E3006EB159 /* ViewController.swift */; };
		133B01DB283567E3006EB159 /* Main.storyboard in Resources */ = {isa = PBXBuildFile; fileRef = 133B01D9283567E3006EB159 /* Main.storyboard */; };
		133B01E0283567E3006EB159 /* LaunchScreen.storyboard in Resources */ = {isa = PBXBuildFile; fileRef = 133B01DE283567E3006EB159 /* LaunchScreen.storyboard */; };
		133B01E828356810006EB159 /* IMCModel.swift in Sources */ = {isa = PBXBuildFile; fileRef = 133B01E728356810006EB159 /* IMCModel.swift */; };
		133B01EF28356A0A006EB159 /* Assets.xcassets in Resources */ = {isa = PBXBuildFile; fileRef = 133B01EE28356A0A006EB159 /* Assets.xcassets */; };
/* End PBXBuildFile section */

/* Begin PBXFileReference section */
		133B01D0283567E3006EB159 /* CalculadoraIMC.app */ = {isa = PBXFileReference; explicitFileType = wrapper.application; includeInIndex = 0; path = CalculadoraIMC.app; sourceTree = BUILT_PRODUCTS_DIR; };
		133B01D3283567E3006EB159 /* AppDelegate.swift */ = {isa = PBXFileReference; lastKnownFileType = sourcecode.swift; path = AppDelegate.swift; sourceTree = "<group>"; };
		133B01D5283567E3006EB159 /* SceneDelegate.swift */ = {isa = PBXFileReference; lastKnownFileType = sourcecode.swift; path = SceneDelegate.swift; sourceTree = "<group>"; };
		133B01D7283567E3006EB159 /* ViewController.swift */ = {isa = PBXFileReference; lastKnownFileType = sourcecode.swift; path = ViewController.swift; sourceTree = "<group>"; };
		133B01DA283567E3006EB159 /* Base */ = {isa = PBXFileReference; lastKnownFileType = file.storyboard; name = Base; path = Base.lproj/Main.storyboard; sourceTree = "<group>"; };
		133B01DF283567E3006EB159 /* Base */ = {isa = PBXFileReference; lastKnownFileType = file.storyboard; name = Base; path = Base.lproj/LaunchScreen.storyboard; sourceTree = "<group>"; };
		133B01E1283567E3006EB159 /* Info.plist */ = {isa = PBXFileReference; lastKnownFileType = text.plist.xml; path = Info.plist; sourceTree = "<group>"; };
		133B01E728356810006EB159 /* IMCModel.swift */ = {isa = PBXFileReference; lastKnownFileType = sourcecode.swift; path = IMCModel.swift; sourceTree = "<group>"; };
		133B01EE28356A0A006EB159 /* Assets.xcassets */ = {isa = PBXFileReference; lastKnownFileType = folder.assetcatalog; path = Assets.xcassets; sourceTree = "<group>"; };
/* End PBXFileReference section */

/* Begin PBXFrameworksBuildPhase section */
		133B01CD283567E3006EB159 /* Frameworks */ = {
			isa = PBXFrameworksBuildPhase;
			buildActionMask = 2147483647;
			files = (
			);
			runOnlyForDeploymentPostprocessing = 0;
		};
/* End PBXFrameworksBuildPhase section */

/* Begin PBXGroup section */
		133B01C7283567E3006EB159 = {
			isa = PBXGroup;
			children = (
				133B01D2283567E3006EB159 /* CalculadoraIMC */,
				133B01D1283567E3006EB159 /* Products */,
			);
			sourceTree = "<group>";
		};
		133B01D1283567E3006EB159 /* Products */ = {
			isa = PBXGroup;
			children = (
				133B01D0283567E3006EB159 /* CalculadoraIMC.app */,
			);
			name = Products;
			sourceTree = "<group>";
		};
		133B01D2283567E3006EB159 /* CalculadoraIMC */ = {
			isa = PBXGroup;
			children = (
				133B01D3283567E3006EB159 /* AppDelegate.swift */,
				133B01D5283567E3006EB159 /* SceneDelegate.swift */,
				133B01E928356817006EB159 /* Model */,
				133B01EA28356820006EB159 /* View */,
				133B01EB28356827006EB159 /* Controller */,
				133B01DE283567E3006EB159 /* LaunchScreen.storyboard */,
				133B01EE28356A0A006EB159 /* Assets.xcassets */,
				133B01E1283567E3006EB159 /* Info.plist */,
			);
			path = CalculadoraIMC;
			sourceTree = "<group>";
		};
		133B01E928356817006EB159 /* Model */ = {
			isa = PBXGroup;
			children = (
				133B01E728356810006EB159 /* IMCModel.swift */,
			);
			path = Model;
			sourceTree = "<group>";
		};
		133B01EA28356820006EB159 /* View */ = {
			isa = PBXGroup;
			children = (
				133B01D9283567E3006EB159 /* Main.storyboard */,
			);
			path = View;
			sourceTree = "<group>";
		};
		133B01EB28356827006EB159 /* Controller */ = {
			isa = PBXGroup;
			children = (
				133B01D7283567E3006EB159 /* ViewController.swift */,
			);
			path = Controller;
			sourceTree = "<group>";
		};
/* End PBXGroup section */

/* Begin PBXNativeTarget section */
		133B01CF283567E3006EB159 /* CalculadoraIMC */ = {
			isa = PBXNativeTarget;
			buildConfigurationList = 133B01E4283567E3006EB159 /* Build configuration list for PBXNativeTarget "CalculadoraIMC" */;
			buildPhases = (
				133B01CC283567E3006EB159 /* Sources */,
				133B01CD283567E3006EB159 /* Frameworks */,
				133B01CE283567E3006EB159 /* Resources */,
			);
			buildRules = (
			);
			dependencies = (
			);
			name = CalculadoraIMC;
			productName = CalculadoraIMC;
			productReference = 133B01D0283567E3006EB159 /* CalculadoraIMC.app */;
			productType = "com.apple.product-type.application";
		};
/* End PBXNativeTarget section */

/* Begin PBXProject section */
		133B01C8283567E3006EB159 /* Project object */ = {
			isa = PBXProject;
			attributes = {
				BuildIndependentTargetsInParallel = 1;
				LastSwiftUpdateCheck = 1330;
				LastUpgradeCheck = 1330;
				TargetAttributes = {
					133B01CF283567E3006EB159 = {
						CreatedOnToolsVersion = 13.3.1;
					};
				};
			};
			buildConfigurationList = 133B01CB283567E3006EB159 /* Build configuration list for PBXProject "CalculadoraIMC" */;
			compatibilityVersion = "Xcode 13.0";
			developmentRegion = en;
			hasScannedForEncodings = 0;
			knownRegions = (
				en,
				Base,
			);
			mainGroup = 133B01C7283567E3006EB159;
			productRefGroup = 133B01D1283567E3006EB159 /* Products */;
			projectDirPath = "";
			projectRoot = "";
			targets = (
				133B01CF283567E3006EB159 /* CalculadoraIMC */,
			);
		};
/* End PBXProject section */

/* Begin PBXResourcesBuildPhase section */
		133B01CE283567E3006EB159 /* Resources */ = {
			isa = PBXResourcesBuildPhase;
			buildActionMask = 2147483647;
			files = (
				133B01E0283567E3006EB159 /* LaunchScreen.storyboard in Resources */,
				133B01EF28356A0A006EB159 /* Assets.xcassets in Resources */,
				133B01DB283567E3006EB159 /* Main.storyboard in Resources */,
			);
			runOnlyForDeploymentPostprocessing = 0;
		};
/* End PBXResourcesBuildPhase section */

/* Begin PBXSourcesBuildPhase section */
		133B01CC283567E3006EB159 /* Sources */ = {
			isa = PBXSourcesBuildPhase;
			buildActionMask = 2147483647;
			files = (
				133B01D8283567E3006EB159 /* ViewController.swift in Sources */,
				133B01D4283567E3006EB159 /* AppDelegate.swift in Sources */,
				133B01D6283567E3006EB159 /* SceneDelegate.swift in Sources */,
				133B01E828356810006EB159 /* IMCModel.swift in Sources */,
			);
			runOnlyForDeploymentPostprocessing = 0;
		};
/* End PBXSourcesBuildPhase section */

/* Begin PBXVariantGroup section */
		133B01D9283567E3006EB159 /* Main.storyboard */ = {
			isa = PBXVariantGroup;
			children = (
				133B01DA283567E3006EB159 /* Base */,
			);
			name = Main.storyboard;
			sourceTree = "<group>";
		};
		133B01DE283567E3006EB159 /* LaunchScreen.storyboard */ = {
			isa = PBXVariantGroup;
			children = (
				133B01DF283567E3006EB159 /* Base */,
			);
			name = LaunchScreen.storyboard;
			sourceTree = "<group>";
		};
/* End PBXVariantGroup section */

/* Begin XCBuildConfiguration section */
		133B01E2283567E3006EB159 /* Debug */ = {
			isa = XCBuildConfiguration;
			buildSettings = {
				ALWAYS_SEARCH_USER_PATHS = NO;
				CLANG_ANALYZER_NONNULL = YES;
				CLANG_ANALYZER_NUMBER_OBJECT_CONVERSION = YES_AGGRESSIVE;
				CLANG_CXX_LANGUAGE_STANDARD = "gnu++17";
				CLANG_ENABLE_MODULES = YES;
				CLANG_ENABLE_OBJC_ARC = YES;
				CLANG_ENABLE_OBJC_WEAK = YES;
				CLANG_WARN_BLOCK_CAPTURE_AUTORELEASING = YES;
				CLANG_WARN_BOOL_CONVERSION = YES;
				CLANG_WARN_COMMA = YES;
				CLANG_WARN_CONSTANT_CONVERSION = YES;
				CLANG_WARN_DEPRECATED_OBJC_IMPLEMENTATIONS = YES;
				CLANG_WARN_DIRECT_OBJC_ISA_USAGE = YES_ERROR;
				CLANG_WARN_DOCUMENTATION_COMMENTS = YES;
				CLANG_WARN_EMPTY_BODY = YES;
				CLANG_WARN_ENUM_CONVERSION = YES;
				CLANG_WARN_INFINITE_RECURSION = YES;
				CLANG_WARN_INT_CONVERSION = YES;
				CLANG_WARN_NON_LITERAL_NULL_CONVERSION = YES;
				CLANG_WARN_OBJC_IMPLICIT_RETAIN_SELF = YES;
				CLANG_WARN_OBJC_LITERAL_CONVERSION = YES;
				CLANG_WARN_OBJC_ROOT_CLASS = YES_ERROR;
				CLANG_WARN_QUOTED_INCLUDE_IN_FRAMEWORK_HEADER = YES;
				CLANG_WARN_RANGE_LOOP_ANALYSIS = YES;
				CLANG_WARN_STRICT_PROTOTYPES = YES;
				CLANG_WARN_SUSPICIOUS_MOVE = YES;
				CLANG_WARN_UNGUARDED_AVAILABILITY = YES_AGGRESSIVE;
				CLANG_WARN_UNREACHABLE_CODE = YES;
				CLANG_WARN__DUPLICATE_METHOD_MATCH = YES;
				COPY_PHASE_STRIP = NO;
				DEBUG_INFORMATION_FORMAT = dwarf;
				ENABLE_STRICT_OBJC_MSGSEND = YES;
				ENABLE_TESTABILITY = YES;
				GCC_C_LANGUAGE_STANDARD = gnu11;
				GCC_DYNAMIC_NO_PIC = NO;
				GCC_NO_COMMON_BLOCKS = YES;
				GCC_OPTIMIZATION_LEVEL = 0;
				GCC_PREPROCESSOR_DEFINITIONS = (
					"DEBUG=1",
					"$(inherited)",
				);
				GCC_WARN_64_TO_32_BIT_CONVERSION = YES;
				GCC_WARN_ABOUT_RETURN_TYPE = YES_ERROR;
				GCC_WARN_UNDECLARED_SELECTOR = YES;
				GCC_WARN_UNINITIALIZED_AUTOS = YES_AGGRESSIVE;
				GCC_WARN_UNUSED_FUNCTION = YES;
				GCC_WARN_UNUSED_VARIABLE = YES;
				IPHONEOS_DEPLOYMENT_TARGET = 15.4;
				MTL_ENABLE_DEBUG_INFO = INCLUDE_SOURCE;
				MTL_FAST_MATH = YES;
				ONLY_ACTIVE_ARCH = YES;
				SDKROOT = iphoneos;
				SWIFT_ACTIVE_COMPILATION_CONDITIONS = DEBUG;
				SWIFT_OPTIMIZATION_LEVEL = "-Onone";
			};
			name = Debug;
		};
		133B01E3283567E3006EB159 /* Release */ = {
			isa = XCBuildConfiguration;
			buildSettings = {
				ALWAYS_SEARCH_USER_PATHS = NO;
				CLANG_ANALYZER_NONNULL = YES;
				CLANG_ANALYZER_NUMBER_OBJECT_CONVERSION = YES_AGGRESSIVE;
				CLANG_CXX_LANGUAGE_STANDARD = "gnu++17";
				CLANG_ENABLE_MODULES = YES;
				CLANG_ENABLE_OBJC_ARC = YES;
				CLANG_ENABLE_OBJC_WEAK = YES;
				CLANG_WARN_BLOCK_CAPTURE_AUTORELEASING = YES;
				CLANG_WARN_BOOL_CONVERSION = YES;
				CLANG_WARN_COMMA = YES;
				CLANG_WARN_CONSTANT_CONVERSION = YES;
				CLANG_WARN_DEPRECATED_OBJC_IMPLEMENTATIONS = YES;
				CLANG_WARN_DIRECT_OBJC_ISA_USAGE = YES_ERROR;
				CLANG_WARN_DOCUMENTATION_COMMENTS = YES;
				CLANG_WARN_EMPTY_BODY = YES;
				CLANG_WARN_ENUM_CONVERSION = YES;
				CLANG_WARN_INFINITE_RECURSION = YES;
				CLANG_WARN_INT_CONVERSION = YES;
				CLANG_WARN_NON_LITERAL_NULL_CONVERSION = YES;
				CLANG_WARN_OBJC_IMPLICIT_RETAIN_SELF = YES;
				CLANG_WARN_OBJC_LITERAL_CONVERSION = YES;
				CLANG_WARN_OBJC_ROOT_CLASS = YES_ERROR;
				CLANG_WARN_QUOTED_INCLUDE_IN_FRAMEWORK_HEADER = YES;
				CLANG_WARN_RANGE_LOOP_ANALYSIS = YES;
				CLANG_WARN_STRICT_PROTOTYPES = YES;
				CLANG_WARN_SUSPICIOUS_MOVE = YES;
				CLANG_WARN_UNGUARDED_AVAILABILITY = YES_AGGRESSIVE;
				CLANG_WARN_UNREACHABLE_CODE = YES;
				CLANG_WARN__DUPLICATE_METHOD_MATCH = YES;
				COPY_PHASE_STRIP = NO;
				DEBUG_INFORMATION_FORMAT = "dwarf-with-dsym";
				ENABLE_NS_ASSERTIONS = NO;
				ENABLE_STRICT_OBJC_MSGSEND = YES;
				GCC_C_LANGUAGE_STANDARD = gnu11;
				GCC_NO_COMMON_BLOCKS = YES;
				GCC_WARN_64_TO_32_BIT_CONVERSION = YES;
				GCC_WARN_ABOUT_RETURN_TYPE = YES_ERROR;
				GCC_WARN_UNDECLARED_SELECTOR = YES;
				GCC_WARN_UNINITIALIZED_AUTOS = YES_AGGRESSIVE;
				GCC_WARN_UNUSED_FUNCTION = YES;
				GCC_WARN_UNUSED_VARIABLE = YES;
				IPHONEOS_DEPLOYMENT_TARGET = 15.4;
				MTL_ENABLE_DEBUG_INFO = NO;
				MTL_FAST_MATH = YES;
				SDKROOT = iphoneos;
				SWIFT_COMPILATION_MODE = wholemodule;
				SWIFT_OPTIMIZATION_LEVEL = "-O";
				VALIDATE_PRODUCT = YES;
			};
			name = Release;
		};
		133B01E5283567E3006EB159 /* Debug */ = {
			isa = XCBuildConfiguration;
			buildSettings = {
				ASSETCATALOG_COMPILER_APPICON_NAME = AppIcon;
				ASSETCATALOG_COMPILER_GLOBAL_ACCENT_COLOR_NAME = AccentColor;
				CODE_SIGN_STYLE = Automatic;
				CURRENT_PROJECT_VERSION = 1;
				GENERATE_INFOPLIST_FILE = YES;
				INFOPLIST_FILE = CalculadoraIMC/Info.plist;
				INFOPLIST_KEY_UIApplicationSupportsIndirectInputEvents = YES;
				INFOPLIST_KEY_UILaunchStoryboardName = LaunchScreen;
				INFOPLIST_KEY_UIMainStoryboardFile = Main;
				INFOPLIST_KEY_UISupportedInterfaceOrientations_iPad = "UIInterfaceOrientationPortrait UIInterfaceOrientationPortraitUpsideDown UIInterfaceOrientationLandscapeLeft UIInterfaceOrientationLandscapeRight";
				INFOPLIST_KEY_UISupportedInterfaceOrientations_iPhone = "UIInterfaceOrientationPortrait UIInterfaceOrientationLandscapeLeft UIInterfaceOrientationLandscapeRight";
				LD_RUNPATH_SEARCH_PATHS = (
					"$(inherited)",
					"@executable_path/Frameworks",
				);
				MARKETING_VERSION = 1.0;
				PRODUCT_BUNDLE_IDENTIFIER = "Pedro-Ivo-Aquino.CalculadoraIMC";
				PRODUCT_NAME = "$(TARGET_NAME)";
				SWIFT_EMIT_LOC_STRINGS = YES;
				SWIFT_VERSION = 5.0;
				TARGETED_DEVICE_FAMILY = "1,2";
			};
			name = Debug;
		};
		133B01E6283567E3006EB159 /* Release */ = {
			isa = XCBuildConfiguration;
			buildSettings = {
				ASSETCATALOG_COMPILER_APPICON_NAME = AppIcon;
				ASSETCATALOG_COMPILER_GLOBAL_ACCENT_COLOR_NAME = AccentColor;
				CODE_SIGN_STYLE = Automatic;
				CURRENT_PROJECT_VERSION = 1;
				GENERATE_INFOPLIST_FILE = YES;
				INFOPLIST_FILE = CalculadoraIMC/Info.plist;
				INFOPLIST_KEY_UIApplicationSupportsIndirectInputEvents = YES;
				INFOPLIST_KEY_UILaunchStoryboardName = LaunchScreen;
				INFOPLIST_KEY_UIMainStoryboardFile = Main;
				INFOPLIST_KEY_UISupportedInterfaceOrientations_iPad = "UIInterfaceOrientationPortrait UIInterfaceOrientationPortraitUpsideDown UIInterfaceOrientationLandscapeLeft UIInterfaceOrientationLandscapeRight";
				INFOPLIST_KEY_UISupportedInterfaceOrientations_iPhone = "UIInterfaceOrientationPortrait UIInterfaceOrientationLandscapeLeft UIInterfaceOrientationLandscapeRight";
				LD_RUNPATH_SEARCH_PATHS = (
					"$(inherited)",
					"@executable_path/Frameworks",
				);
				MARKETING_VERSION = 1.0;
				PRODUCT_BUNDLE_IDENTIFIER = "Pedro-Ivo-Aquino.CalculadoraIMC";
				PRODUCT_NAME = "$(TARGET_NAME)";
				SWIFT_EMIT_LOC_STRINGS = YES;
				SWIFT_VERSION = 5.0;
				TARGETED_DEVICE_FAMILY = "1,2";
			};
			name = Release;
		};
/* End XCBuildConfiguration section */

/* Begin XCConfigurationList section */
		133B01CB283567E3006EB159 /* Build configuration list for PBXProject "CalculadoraIMC" */ = {
			isa = XCConfigurationList;
			buildConfigurations = (
				133B01E2283567E3006EB159 /* Debug */,
				133B01E3283567E3006EB159 /* Release */,
			);
			defaultConfigurationIsVisible = 0;
			defaultConfigurationName = Release;
		};
		133B01E4283567E3006EB159 /* Build configuration list for PBXNativeTarget "CalculadoraIMC" */ = {
			isa = XCConfigurationList;
			buildConfigurations = (
				133B01E5283567E3006EB159 /* Debug */,
				133B01E6283567E3006EB159 /* Release */,
			);
			defaultConfigurationIsVisible = 0;
			defaultConfigurationName = Release;
		};
/* End XCConfigurationList section */
	};
	rootObject = 133B01C8283567E3006EB159 /* Project object */;
}
